
Microsoft Visual Studio Solution File, Format Version 12.00
# Visual Studio 15
VisualStudioVersion = 15.0.28307.271
MinimumVisualStudioVersion = 10.0.40219.1
Project("{FAE04EC0-301F-11D3-BF4B-00C04F79EFBC}") = "BubbleSort", "BubbleSort\BubbleSort.csproj", "{25F3B6D7-25A3-4226-BF01-16F104DF2566}"
EndProject
Global
	GlobalSection(SolutionConfigurationPlatforms) = preSolution
		Debug|Any CPU = Debug|Any CPU
		Release|Any CPU = Release|Any CPU
	EndGlobalSection
	GlobalSection(ProjectConfigurationPlatforms) = postSolution
		{25F3B6D7-25A3-4226-BF01-16F104DF2566}.Debug|Any CPU.ActiveCfg = Debug|Any CPU
		{25F3B6D7-25A3-4226-BF01-16F104DF2566}.Debug|Any CPU.Build.0 = Debug|Any CPU
		{25F3B6D7-25A3-4226-BF01-16F104DF2566}.Release|Any CPU.ActiveCfg = Release|Any CPU
		{25F3B6D7-25A3-4226-BF01-16F104DF2566}.Release|Any CPU.Build.0 = Release|Any CPU
	EndGlobalSection
	GlobalSection(SolutionProperties) = preSolution
		HideSolutionNode = FALSE
	EndGlobalSection
	GlobalSection(ExtensibilityGlobals) = postSolution
		SolutionGuid = {A6D18305-DB65-4DDC-B1AB-C215C51783DB}
	EndGlobalSection
EndGlobal
